
Microsoft Visual Studio Solution File, Format Version 12.00
# Visual Studio 15
VisualStudioVersion = 15.0.26124.0
MinimumVisualStudioVersion = 15.0.26124.0
Project("{FAE04EC0-301F-11D3-BF4B-00C04F79EFBC}") = "API", "API\API.csproj", "{558924D7-5BDE-468A-9B8B-287EFA1980B3}"
EndProject
Project("{FAE04EC0-301F-11D3-BF4B-00C04F79EFBC}") = "Core", "Core\Core.csproj", "{901C7B85-B43E-4D5A-BF38-1B41B4613C39}"
EndProject
Project("{FAE04EC0-301F-11D3-BF4B-00C04F79EFBC}") = "Infrastructure", "Infrastructure\Infrastructure.csproj", "{BB50F26D-F14B-4799-9869-0E54FE58CBF1}"
EndProject
Global
	GlobalSection(SolutionConfigurationPlatforms) = preSolution
		Debug|Any CPU = Debug|Any CPU
		Debug|x64 = Debug|x64
		Debug|x86 = Debug|x86
		Release|Any CPU = Release|Any CPU
		Release|x64 = Release|x64
		Release|x86 = Release|x86
	EndGlobalSection
	GlobalSection(SolutionProperties) = preSolution
		HideSolutionNode = FALSE
	EndGlobalSection
	GlobalSection(ProjectConfigurationPlatforms) = postSolution
		{558924D7-5BDE-468A-9B8B-287EFA1980B3}.Debug|Any CPU.ActiveCfg = Debug|Any CPU
		{558924D7-5BDE-468A-9B8B-287EFA1980B3}.Debug|Any CPU.Build.0 = Debug|Any CPU
		{558924D7-5BDE-468A-9B8B-287EFA1980B3}.Debug|x64.ActiveCfg = Debug|Any CPU
		{558924D7-5BDE-468A-9B8B-287EFA1980B3}.Debug|x64.Build.0 = Debug|Any CPU
		{558924D7-5BDE-468A-9B8B-287EFA1980B3}.Debug|x86.ActiveCfg = Debug|Any CPU
		{558924D7-5BDE-468A-9B8B-287EFA1980B3}.Debug|x86.Build.0 = Debug|Any CPU
		{558924D7-5BDE-468A-9B8B-287EFA1980B3}.Release|Any CPU.ActiveCfg = Release|Any CPU
		{558924D7-5BDE-468A-9B8B-287EFA1980B3}.Release|Any CPU.Build.0 = Release|Any CPU
		{558924D7-5BDE-468A-9B8B-287EFA1980B3}.Release|x64.ActiveCfg = Release|Any CPU
		{558924D7-5BDE-468A-9B8B-287EFA1980B3}.Release|x64.Build.0 = Release|Any CPU
		{558924D7-5BDE-468A-9B8B-287EFA1980B3}.Release|x86.ActiveCfg = Release|Any CPU
		{558924D7-5BDE-468A-9B8B-287EFA1980B3}.Release|x86.Build.0 = Release|Any CPU
		{901C7B85-B43E-4D5A-BF38-1B41B4613C39}.Debug|Any CPU.ActiveCfg = Debug|Any CPU
		{901C7B85-B43E-4D5A-BF38-1B41B4613C39}.Debug|Any CPU.Build.0 = Debug|Any CPU
		{901C7B85-B43E-4D5A-BF38-1B41B4613C39}.Debug|x64.ActiveCfg = Debug|Any CPU
		{901C7B85-B43E-4D5A-BF38-1B41B4613C39}.Debug|x64.Build.0 = Debug|Any CPU
		{901C7B85-B43E-4D5A-BF38-1B41B4613C39}.Debug|x86.ActiveCfg = Debug|Any CPU
		{901C7B85-B43E-4D5A-BF38-1B41B4613C39}.Debug|x86.Build.0 = Debug|Any CPU
		{901C7B85-B43E-4D5A-BF38-1B41B4613C39}.Release|Any CPU.ActiveCfg = Release|Any CPU
		{901C7B85-B43E-4D5A-BF38-1B41B4613C39}.Release|Any CPU.Build.0 = Release|Any CPU
		{901C7B85-B43E-4D5A-BF38-1B41B4613C39}.Release|x64.ActiveCfg = Release|Any CPU
		{901C7B85-B43E-4D5A-BF38-1B41B4613C39}.Release|x64.Build.0 = Release|Any CPU
		{901C7B85-B43E-4D5A-BF38-1B41B4613C39}.Release|x86.ActiveCfg = Release|Any CPU
		{901C7B85-B43E-4D5A-BF38-1B41B4613C39}.Release|x86.Build.0 = Release|Any CPU
		{BB50F26D-F14B-4799-9869-0E54FE58CBF1}.Debug|Any CPU.ActiveCfg = Debug|Any CPU
		{BB50F26D-F14B-4799-9869-0E54FE58CBF1}.Debug|Any CPU.Build.0 = Debug|Any CPU
		{BB50F26D-F14B-4799-9869-0E54FE58CBF1}.Debug|x64.ActiveCfg = Debug|Any CPU
		{BB50F26D-F14B-4799-9869-0E54FE58CBF1}.Debug|x64.Build.0 = Debug|Any CPU
		{BB50F26D-F14B-4799-9869-0E54FE58CBF1}.Debug|x86.ActiveCfg = Debug|Any CPU
		{BB50F26D-F14B-4799-9869-0E54FE58CBF1}.Debug|x86.Build.0 = Debug|Any CPU
		{BB50F26D-F14B-4799-9869-0E54FE58CBF1}.Release|Any CPU.ActiveCfg = Release|Any CPU
		{BB50F26D-F14B-4799-9869-0E54FE58CBF1}.Release|Any CPU.Build.0 = Release|Any CPU
		{BB50F26D-F14B-4799-9869-0E54FE58CBF1}.Release|x64.ActiveCfg = Release|Any CPU
		{BB50F26D-F14B-4799-9869-0E54FE58CBF1}.Release|x64.Build.0 = Release|Any CPU
		{BB50F26D-F14B-4799-9869-0E54FE58CBF1}.Release|x86.ActiveCfg = Release|Any CPU
		{BB50F26D-F14B-4799-9869-0E54FE58CBF1}.Release|x86.Build.0 = Release|Any CPU
	EndGlobalSection
EndGlobal
